PODS:
  - "app_settings (3.0.0+1)":
    - Flutter
  - country_codes (0.0.1):
    - Flutter
  - device_info_plus (0.0.1):
    - Flutter
  - DKImagePickerController/Core (4.3.2):
    - DKImagePickerController/ImageDataManager
    - DKImagePickerController/Resource
  - DKImagePickerController/ImageDataManager (4.3.2)
  - DKImagePickerController/PhotoGallery (4.3.2):
    - DKImagePickerController/Core
    - DKPhotoGallery
  - DKImagePickerController/Resource (4.3.2)
  - DKPhotoGallery (0.0.17):
    - DKPhotoGallery/Core (= 0.0.17)
    - DKPhotoGallery/Model (= 0.0.17)
    - DKPhotoGallery/Preview (= 0.0.17)
    - DKPhotoGallery/Resource (= 0.0.17)
    - SDWebImage
    - SwiftyGif
  - DKPhotoGallery/Core (0.0.17):
    - DKPhotoGallery/Model
    - DKPhotoGallery/Preview
    - SDWebImage
    - SwiftyGif
  - DKPhotoGallery/Model (0.0.17):
    - SDWebImage
    - SwiftyGif
  - DKPhotoGallery/Preview (0.0.17):
    - DKPhotoGallery/Model
    - DKPhotoGallery/Resource
    - SDWebImage
    - SwiftyGif
  - DKPhotoGallery/Resource (0.0.17):
    - SDWebImage
    - SwiftyGif
  - file_picker (0.0.1):
    - DKImagePickerController/PhotoGallery
    - Flutter
  - Flutter (1.0.0)
  - flutter_secure_storage (3.3.1):
    - Flutter
  - flutter_wallet (0.0.1):
    - Flutter
  - GoogleDataTransport (9.1.2):
    - GoogleUtilities/Environment (~> 7.2)
    - nanopb (~> 2.30908.0)
    - PromisesObjC (< 3.0, >= 1.2)
  - GoogleMLKit/BarcodeScanning (2.4.0):
    - GoogleMLKit/MLKitCore
    - MLKitBarcodeScanning (~> 1.5.0)
  - GoogleMLKit/MLKitCore (2.4.0):
    - MLKitCommon (~> 4.0.0)
  - GoogleToolboxForMac/DebugUtils (2.3.2):
    - GoogleToolboxForMac/Defines (= 2.3.2)
  - GoogleToolboxForMac/Defines (2.3.2)
  - GoogleToolboxForMac/Logger (2.3.2):
    - GoogleToolboxForMac/Defines (= 2.3.2)
  - "GoogleToolboxForMac/NSData+zlib (2.3.2)":
    - GoogleToolboxForMac/Defines (= 2.3.2)
  - "GoogleToolboxForMac/NSDictionary+URLArguments (2.3.2)":
    - GoogleToolboxForMac/DebugUtils (= 2.3.2)
    - GoogleToolboxForMac/Defines (= 2.3.2)
    - "GoogleToolboxForMac/NSString+URLArguments (= 2.3.2)"
  - "GoogleToolboxForMac/NSString+URLArguments (2.3.2)"
  - GoogleUtilities/Environment (7.7.0):
    - PromisesObjC (< 3.0, >= 1.2)
  - GoogleUtilities/Logger (7.7.0):
    - GoogleUtilities/Environment
  - GoogleUtilities/UserDefaults (7.7.0):
    - GoogleUtilities/Logger
  - GoogleUtilitiesComponents (1.1.0):
    - GoogleUtilities/Logger
  - GTMSessionFetcher/Core (1.7.0)
  - MLImage (1.0.0-beta1)
  - MLKitBarcodeScanning (1.5.0):
    - MLKitCommon (~> 4.0)
    - MLKitVision (~> 2.0)
  - MLKitCommon (4.0.0):
    - GoogleDataTransport (~> 9.0)
    - GoogleToolboxForMac/Logger (~> 2.1)
    - "GoogleToolboxForMac/NSData+zlib (~> 2.1)"
    - "GoogleToolboxForMac/NSDictionary+URLArguments (~> 2.1)"
    - GoogleUtilities/UserDefaults (~> 7.0)
    - GoogleUtilitiesComponents (~> 1.0)
    - GTMSessionFetcher/Core (~> 1.1)
    - Protobuf (~> 3.12)
  - MLKitVision (2.0.0):
    - GoogleToolboxForMac/Logger (~> 2.1)
    - "GoogleToolboxForMac/NSData+zlib (~> 2.1)"
    - GTMSessionFetcher/Core (~> 1.1)
    - MLImage (= 1.0.0-beta1)
    - MLKitCommon (~> 4.0)
    - Protobuf (~> 3.12)
  - nanopb (2.30908.0):
    - nanopb/decode (= 2.30908.0)
    - nanopb/encode (= 2.30908.0)
  - nanopb/decode (2.30908.0)
  - nanopb/encode (2.30908.0)
  - native_device_orientation (0.0.1):
    - Flutter
  - package_info (0.0.1):
    - Flutter
  - path_provider_ios (0.0.1):
    - Flutter
  - pdfx (1.0.0):
    - Flutter
  - PromisesObjC (2.0.0)
  - Protobuf (3.19.4)
  - qr_mobile_vision (0.0.1):
    - Flutter
    - GoogleMLKit/BarcodeScanning
  - SDWebImage (5.11.1):
    - SDWebImage/Core (= 5.11.1)
  - SDWebImage/Core (5.11.1)
  - shared_preferences_ios (0.0.1):
    - Flutter
  - SwiftyGif (5.4.0)
  - url_launcher_ios (0.0.1):
    - Flutter
  - vibration (1.7.5):
    - Flutter

DEPENDENCIES:
  - app_settings (from `.symlinks/plugins/app_settings/ios`)
  - country_codes (from `.symlinks/plugins/country_codes/ios`)
  - device_info_plus (from `.symlinks/plugins/device_info_plus/ios`)
  - file_picker (from `.symlinks/plugins/file_picker/ios`)
  - Flutter (from `Flutter`)
  - flutter_secure_storage (from `.symlinks/plugins/flutter_secure_storage/ios`)
  - flutter_wallet (from `.symlinks/plugins/flutter_wallet/ios`)
  - GoogleMLKit/BarcodeScanning (~> 2.4.0)
  - native_device_orientation (from `.symlinks/plugins/native_device_orientation/ios`)
  - package_info (from `.symlinks/plugins/package_info/ios`)
  - path_provider_ios (from `.symlinks/plugins/path_provider_ios/ios`)
  - pdfx (from `.symlinks/plugins/pdfx/ios`)
  - qr_mobile_vision (from `.symlinks/plugins/qr_mobile_vision/ios`)
  - shared_preferences_ios (from `.symlinks/plugins/shared_preferences_ios/ios`)
  - url_launcher_ios (from `.symlinks/plugins/url_launcher_ios/ios`)
  - vibration (from `.symlinks/plugins/vibration/ios`)

SPEC REPOS:
  trunk:
    - DKImagePickerController
    - DKPhotoGallery
    - GoogleDataTransport
    - GoogleMLKit
    - GoogleToolboxForMac
    - GoogleUtilities
    - GoogleUtilitiesComponents
    - GTMSessionFetcher
    - MLImage
    - MLKitBarcodeScanning
    - MLKitCommon
    - MLKitVision
    - nanopb
    - PromisesObjC
    - Protobuf
    - SDWebImage
    - SwiftyGif

EXTERNAL SOURCES:
  app_settings:
    :path: ".symlinks/plugins/app_settings/ios"
  country_codes:
    :path: ".symlinks/plugins/country_codes/ios"
  device_info_plus:
    :path: ".symlinks/plugins/device_info_plus/ios"
  file_picker:
    :path: ".symlinks/plugins/file_picker/ios"
  Flutter:
    :path: Flutter
  flutter_secure_storage:
    :path: ".symlinks/plugins/flutter_secure_storage/ios"
  flutter_wallet:
    :path: ".symlinks/plugins/flutter_wallet/ios"
  native_device_orientation:
    :path: ".symlinks/plugins/native_device_orientation/ios"
  package_info:
    :path: ".symlinks/plugins/package_info/ios"
  path_provider_ios:
    :path: ".symlinks/plugins/path_provider_ios/ios"
  pdfx:
    :path: ".symlinks/plugins/pdfx/ios"
  qr_mobile_vision:
    :path: ".symlinks/plugins/qr_mobile_vision/ios"
  shared_preferences_ios:
    :path: ".symlinks/plugins/shared_preferences_ios/ios"
  url_launcher_ios:
    :path: ".symlinks/plugins/url_launcher_ios/ios"
  vibration:
    :path: ".symlinks/plugins/vibration/ios"

SPEC CHECKSUMS:
  app_settings: d103828c9f5d515c4df9ee754dabd443f7cedcf3
  country_codes: b0900f46ad686281d5dab438e354e44ad10f5941
  device_info_plus: e5c5da33f982a436e103237c0c85f9031142abed
  DKImagePickerController: b5eb7f7a388e4643264105d648d01f727110fc3d
  DKPhotoGallery: fdfad5125a9fdda9cc57df834d49df790dbb4179
  file_picker: 817ab1d8cd2da9d2da412a417162deee3500fc95
  Flutter: 50d75fe2f02b26cc09d224853bb45737f8b3214a
  flutter_secure_storage: 7953c38a04c3fdbb00571bcd87d8e3b5ceb9daec
  flutter_wallet: 28ee392bfd5492527a1d209272630f8a5544b65a
  GoogleDataTransport: 629c20a4d363167143f30ea78320d5a7eb8bd940
  GoogleMLKit: db5007bddb78dedf52b60f4038d32e7bd006b519
  GoogleToolboxForMac: 8bef7c7c5cf7291c687cf5354f39f9db6399ad34
  GoogleUtilities: e0913149f6b0625b553d70dae12b49fc62914fd1
  GoogleUtilitiesComponents: 679b2c881db3b615a2777504623df6122dd20afe
  GTMSessionFetcher: 43748f93435c2aa068b1cbe39655aaf600652e91
  MLImage: 647f3d580c10b3c9a3f6154f5d7baead60c42a0c
  MLKitBarcodeScanning: 9fee06fcf50972f0d816ac8a6af29cee9838e6a6
  MLKitCommon: 923bcf261636f36af5fbf329b1643ea3cd69468b
  MLKitVision: 53b8f93a864c8d9740f7f09041911f2e64150ec8
  nanopb: a0ba3315591a9ae0a16a309ee504766e90db0c96
  native_device_orientation: 3b4cfc9565a7b879cc4fde282b3e27745e852d0d
  package_info: 873975fc26034f0b863a300ad47e7f1ac6c7ec62
  path_provider_ios: 14f3d2fd28c4fdb42f44e0f751d12861c43cee02
  pdfx: 7b876b09de8b7a0bf444a4f82b439ffcff4ee1ec
  PromisesObjC: 68159ce6952d93e17b2dfe273b8c40907db5ba58
  Protobuf: 235750e4696ff59fb07d949a9dbbc92b3c0700fe
  qr_mobile_vision: 308ef269e6bc257c05a4adf218e02afc2be09736
  SDWebImage: a7f831e1a65eb5e285e3fb046a23fcfbf08e696d
  shared_preferences_ios: 548a61f8053b9b8a49ac19c1ffbc8b92c50d68ad
  SwiftyGif: 5d4af95df24caf1c570dbbcb32a3b8a0763bc6d7
  url_launcher_ios: 839c58cdb4279282219f5e248c3321761ff3c4de
  vibration: 7d883d141656a1c1a6d8d238616b2042a51a1241

PODFILE CHECKSUM: 973f078944b1d0eb0208462178c514432c640e55

COCOAPODS: 1.11.2
